
Microsoft Visual Studio Solution File, Format Version 12.00
# Visual Studio 15
VisualStudioVersion = 15.0.28307.572
MinimumVisualStudioVersion = 10.0.40219.1
Project("{FAE04EC0-301F-11D3-BF4B-00C04F79EFBC}") = "Bacchus", "Bacchus\Bacchus.csproj", "{F8FF5CFA-1D66-413C-93CB-65DE3BACC31A}"
EndProject
Project("{FAE04EC0-301F-11D3-BF4B-00C04F79EFBC}") = "Tests", "Tests\Tests.csproj", "{BCF56D6D-C87A-4C37-92D5-43C1CDE49442}"
EndProject
Global
	GlobalSection(SolutionConfigurationPlatforms) = preSolution
		Debug|Any CPU = Debug|Any CPU
		Release|Any CPU = Release|Any CPU
	EndGlobalSection
	GlobalSection(ProjectConfigurationPlatforms) = postSolution
		{F8FF5CFA-1D66-413C-93CB-65DE3BACC31A}.Debug|Any CPU.ActiveCfg = Debug|Any CPU
		{F8FF5CFA-1D66-413C-93CB-65DE3BACC31A}.Debug|Any CPU.Build.0 = Debug|Any CPU
		{F8FF5CFA-1D66-413C-93CB-65DE3BACC31A}.Release|Any CPU.ActiveCfg = Release|Any CPU
		{F8FF5CFA-1D66-413C-93CB-65DE3BACC31A}.Release|Any CPU.Build.0 = Release|Any CPU
		{BCF56D6D-C87A-4C37-92D5-43C1CDE49442}.Debug|Any CPU.ActiveCfg = Debug|Any CPU
		{BCF56D6D-C87A-4C37-92D5-43C1CDE49442}.Debug|Any CPU.Build.0 = Debug|Any CPU
		{BCF56D6D-C87A-4C37-92D5-43C1CDE49442}.Release|Any CPU.ActiveCfg = Release|Any CPU
		{BCF56D6D-C87A-4C37-92D5-43C1CDE49442}.Release|Any CPU.Build.0 = Release|Any CPU
	EndGlobalSection
	GlobalSection(SolutionProperties) = preSolution
		HideSolutionNode = FALSE
	EndGlobalSection
	GlobalSection(ExtensibilityGlobals) = postSolution
		SolutionGuid = {6D341D3C-889C-4B84-B211-676C75B99751}
	EndGlobalSection
EndGlobal
